
Microsoft Visual Studio Solution File, Format Version 12.00
# Visual Studio Version 16
VisualStudioVersion = 16.0.32002.261
MinimumVisualStudioVersion = 10.0.40219.1
Project("{FAE04EC0-301F-11D3-BF4B-00C04F79EFBC}") = "wcfsendemail", "wcfsendemail\wcfsendemail.csproj", "{B1A84D5F-E4BA-4BE2-BAE4-169DC8479062}"
EndProject
Global
	GlobalSection(SolutionConfigurationPlatforms) = preSolution
		Debug|Any CPU = Debug|Any CPU
		Release|Any CPU = Release|Any CPU
	EndGlobalSection
	GlobalSection(ProjectConfigurationPlatforms) = postSolution
		{B1A84D5F-E4BA-4BE2-BAE4-169DC8479062}.Debug|Any CPU.ActiveCfg = Debug|Any CPU
		{B1A84D5F-E4BA-4BE2-BAE4-169DC8479062}.Debug|Any CPU.Build.0 = Debug|Any CPU
		{B1A84D5F-E4BA-4BE2-BAE4-169DC8479062}.Release|Any CPU.ActiveCfg = Release|Any CPU
		{B1A84D5F-E4BA-4BE2-BAE4-169DC8479062}.Release|Any CPU.Build.0 = Release|Any CPU
	EndGlobalSection
	GlobalSection(SolutionProperties) = preSolution
		HideSolutionNode = FALSE
	EndGlobalSection
	GlobalSection(ExtensibilityGlobals) = postSolution
		SolutionGuid = {E3A7B322-F97F-44CA-9B28-3E94E257D882}
	EndGlobalSection
EndGlobal
